<?xml version="1.0" encoding="utf-8"?>
<Project ToolsVersion="4.0" xmlns="http://schemas.microsoft.com/developer/msbuild/2003">
  <ItemGroup>
    <Filter Include="Source Files">
      <UniqueIdentifier>{4FC737F1-C7A5-4376-A066-2A32D752A2FF}</UniqueIdentifier>
      <Extensions>cpp;c;cc;cxx;def;odl;idl;hpj;bat;asm;asmx</Extensions>
    </Filter>
    <Filter Include="Header Files">
      <UniqueIdentifier>{93995380-89BD-4b04-88EB-625FBE52EBFB}</UniqueIdentifier>
      <Extensions>h;hh;hpp;hxx;hm;inl;inc;xsd</Extensions>
    </Filter>
    <Filter Include="Resource Files">
      <UniqueIdentifier>{67DA6AB6-F800-4c08-8B7A-83BB121AAD01}</UniqueIdentifier>
      <Extensions>rc;ico;cur;bmp;dlg;rc2;rct;bin;rgs;gif;jpg;jpeg;jpe;resx;tiff;tif;png;wav;mfcribbon-ms</Extensions>
    </Filter>
    <Filter Include="Header Files\common">
      <UniqueIdentifier>{c126a73f-fcfe-4744-a310-3400d8463814}</UniqueIdentifier>
    </Filter>
    <Filter Include="Source Files\common">
      <UniqueIdentifier>{e72cf9db-26a1-45a6-80c0-7f9c08d378fb}</UniqueIdentifier>
    </Filter>
  </ItemGroup>
  <ItemGroup>
    <ClCompile Include="main.cpp">
      <Filter>Source Files</Filter>
    </ClCompile>
    <ClCompile Include="common\GiglConfig.cpp">
      <Filter>Source Files\common</Filter>
    </ClCompile>
    <ClCompile Include="common\RandConfig.cpp">
      <Filter>Source Files\common</Filter>
    </ClCompile>
    <ClCompile Include="common\StrConfig.cpp">
      <Filter>Source Files\common</Filter>
    </ClCompile>
  </ItemGroup>
  <ItemGroup>
    <ClInclude Include="GiglDefaultInclude.h">
      <Filter>Header Files</Filter>
    </ClInclude>
    <ClInclude Include="quiz.generated.h">
      <Filter>Header Files</Filter>
    </ClInclude>
    <ClInclude Include="common\CommonTypeDefs.h">
      <Filter>Header Files\common</Filter>
    </ClInclude>
    <ClInclude Include="common\GiglConfig.h">
      <Filter>Header Files\common</Filter>
    </ClInclude>
    <ClInclude Include="common\RandConfig.h">
      <Filter>Header Files\common</Filter>
    </ClInclude>
    <ClInclude Include="common\StrConfig.h">
      <Filter>Header Files\common</Filter>
    </ClInclude>
    <ClInclude Include="quiz.manual.h">
      <Filter>Header Files</Filter>
    </ClInclude>
  </ItemGroup>
</Project>